<?xml version="1.0" encoding="utf-8"?>
<Project ToolsVersion="4.0" xmlns="http://schemas.microsoft.com/developer/msbuild/2003">
  <ItemGroup>
    <Filter Include="Source Files">
      <UniqueIdentifier>{4FC737F1-C7A5-4376-A066-2A32D752A2FF}</UniqueIdentifier>
      <Extensions>cpp;c;cc;cxx;c++;cppm;ixx;def;odl;idl;hpj;bat;asm;asmx</Extensions>
    </Filter>
    <Filter Include="Header Files">
      <UniqueIdentifier>{93995380-89BD-4b04-88EB-625FBE52EBFB}</UniqueIdentifier>
      <Extensions>h;hh;hpp;hxx;h++;hm;inl;inc;ipp;xsd</Extensions>
    </Filter>
    <Filter Include="Resource Files">
      <UniqueIdentifier>{67DA6AB6-F800-4c08-8B7A-83BB121AAD01}</UniqueIdentifier>
      <Extensions>rc;ico;cur;bmp;dlg;rc2;rct;bin;rgs;gif;jpg;jpeg;jpe;resx;tiff;tif;png;wav;mfcribbon-ms</Extensions>
    </Filter>
    <Filter Include="Source Files\vulkan">
      <UniqueIdentifier>{7c6368d9-f6fb-4bf6-be0d-f2eb032fe940}</UniqueIdentifier>
    </Filter>
    <Filter Include="Source Files\vulkan\piplines">
      <UniqueIdentifier>{4e303551-6c62-4ff8-ad03-4de6bdd69fb5}</UniqueIdentifier>
    </Filter>
    <Filter Include="Source Files\Engine">
      <UniqueIdentifier>{21890749-e6c8-4d13-87e8-54d2c1814bc7}</UniqueIdentifier>
    </Filter>
    <Filter Include="Source Files\Engine\ECS">
      <UniqueIdentifier>{8b19e8d6-dc8d-4f94-bd55-798906cde58b}</UniqueIdentifier>
    </Filter>
    <Filter Include="Source Files\Engine\ECS\Components">
      <UniqueIdentifier>{a8f67d16-c2cd-44ad-8fc7-659331a3bbd9}</UniqueIdentifier>
    </Filter>
    <Filter Include="Source Files\Editor">
      <UniqueIdentifier>{d4a73ff2-0224-4dcf-a010-a512e6cc6114}</UniqueIdentifier>
    </Filter>
    <Filter Include="Source Files\Engine\ECS\Assets">
      <UniqueIdentifier>{f012ce76-9b30-4522-ac49-76881a9b10d2}</UniqueIdentifier>
    </Filter>
  </ItemGroup>
  <ItemGroup>
    <ClCompile Include="vulkan_setup.cpp">
      <Filter>Source Files\vulkan</Filter>
    </ClCompile>
    <ClCompile Include="pipeline.cpp">
      <Filter>Source Files\vulkan</Filter>
    </ClCompile>
    <ClCompile Include="coloredQuadPL.cpp">
      <Filter>Source Files\vulkan\piplines</Filter>
    </ClCompile>
    <ClCompile Include="vulkan_util.cpp">
      <Filter>Source Files\vulkan</Filter>
    </ClCompile>
    <ClCompile Include="engine.cpp">
      <Filter>Source Files\Engine</Filter>
    </ClCompile>
    <ClCompile Include="IDGenerator.h">
      <Filter>Source Files\Engine</Filter>
    </ClCompile>
    <ClCompile Include="vulkan_engine.cpp">
      <Filter>Source Files\vulkan</Filter>
    </ClCompile>
    <ClCompile Include="ECS.cpp">
      <Filter>Source Files\Engine\ECS</Filter>
    </ClCompile>
    <ClCompile Include="Input.cpp">
      <Filter>Source Files\Engine</Filter>
    </ClCompile>
    <ClCompile Include="texturedQuadPL.cpp">
      <Filter>Source Files\vulkan\piplines</Filter>
    </ClCompile>
    <ClCompile Include="AssetManager.cpp">
      <Filter>Source Files\Engine</Filter>
    </ClCompile>
    <ClCompile Include="Entity.cpp">
      <Filter>Source Files\Engine\ECS</Filter>
    </ClCompile>
    <ClCompile Include="Physics.cpp">
      <Filter>Source Files\Engine\ECS\Components</Filter>
    </ClCompile>
    <ClCompile Include="tilemapPL.cpp">
      <Filter>Source Files\vulkan\piplines</Filter>
    </ClCompile>
    <ClCompile Include="globalBufferDefinitions.h">
      <Filter>Source Files\vulkan</Filter>
    </ClCompile>
    <ClCompile Include="LightingComputePL.cpp">
      <Filter>Source Files\vulkan\piplines</Filter>
    </ClCompile>
    <ClCompile Include="TracyClient.cpp">
      <Filter>Source Files</Filter>
    </ClCompile>
    <ClCompile Include="quadComputePL.cpp">
      <Filter>Source Files\vulkan\piplines</Filter>
    </ClCompile>
    <ClCompile Include="FontGenerator.cpp">
      <Filter>Source Files\Editor</Filter>
    </ClCompile>
    <ClCompile Include="TextPL.cpp">
      <Filter>Source Files\vulkan\piplines</Filter>
    </ClCompile>
    <ClCompile Include="TextRenderer.h">
      <Filter>Source Files\Engine\ECS\Components</Filter>
    </ClCompile>
    <ClCompile Include="Scene.cpp">
      <Filter>Source Files\Engine\ECS\Assets</Filter>
    </ClCompile>
    <ClCompile Include="ResourceManager.cpp">
      <Filter>Source Files\Engine</Filter>
    </ClCompile>
    <ClCompile Include="Audio.cpp">
      <Filter>Source Files</Filter>
    </ClCompile>
    <ClCompile Include="GlobalImageDescriptor.h">
      <Filter>Source Files\vulkan</Filter>
    </ClCompile>
    <ClCompile Include="ComputeTemplate.cpp">
      <Filter>Source Files\vulkan\piplines</Filter>
    </ClCompile>
    <ClCompile Include="boidsCompute.cpp">
      <Filter>Source Files\vulkan\piplines</Filter>
    </ClCompile>
    <ClCompile Include="stdafx.cpp">
      <Filter>Source Files</Filter>
    </ClCompile>
    <ClCompile Include="descriptorManager.cpp">
      <Filter>Source Files\vulkan</Filter>
    </ClCompile>
    <ClCompile Include="GraphicsTemplate.cpp">
      <Filter>Source Files\vulkan\piplines</Filter>
    </ClCompile>
    <ClCompile Include="ParticleSystemPL.cpp">
      <Filter>Source Files\vulkan\piplines</Filter>
    </ClCompile>
  </ItemGroup>
  <ItemGroup>
    <ClInclude Include="pipeline.h">
      <Filter>Source Files\vulkan</Filter>
    </ClInclude>
    <ClInclude Include="texture.h">
      <Filter>Source Files\vulkan</Filter>
    </ClInclude>
    <ClInclude Include="vulkan_util.h">
      <Filter>Source Files\vulkan</Filter>
    </ClInclude>
    <ClInclude Include="VKEngine.h">
      <Filter>Source Files\vulkan</Filter>
    </ClInclude>
    <ClInclude Include="engine.h">
      <Filter>Source Files\Engine</Filter>
    </ClInclude>
    <ClInclude Include="typedefs.h">
      <Filter>Source Files</Filter>
    </ClInclude>
    <ClInclude Include="ECS.h">
      <Filter>Source Files\Engine\ECS</Filter>
    </ClInclude>
    <ClInclude Include="Input.h">
      <Filter>Source Files\Engine</Filter>
    </ClInclude>
    <ClInclude Include="AssetManager.h">
      <Filter>Source Files\Engine</Filter>
    </ClInclude>
    <ClInclude Include="Utils.h">
      <Filter>Source Files</Filter>
    </ClInclude>
    <ClInclude Include="serialization.h">
      <Filter>Source Files\Engine</Filter>
    </ClInclude>
    <ClInclude Include="MyMath.h">
      <Filter>Source Files</Filter>
    </ClInclude>
    <ClInclude Include="Entity.h">
      <Filter>Source Files\Engine\ECS</Filter>
    </ClInclude>
    <ClInclude Include="ColorRenderer.h">
      <Filter>Source Files\Engine\ECS\Components</Filter>
    </ClInclude>
    <ClInclude Include="SpriteRenderer.h">
      <Filter>Source Files\Engine\ECS\Components</Filter>
    </ClInclude>
    <ClInclude Include="Physics.h">
      <Filter>Source Files\Engine\ECS\Components</Filter>
    </ClInclude>
    <ClInclude Include="Component.h">
      <Filter>Source Files\Engine\ECS</Filter>
    </ClInclude>
    <ClInclude Include="FileDialog.h">
      <Filter>Source Files\Editor</Filter>
    </ClInclude>
    <ClInclude Include="benchmark.h">
      <Filter>Header Files</Filter>
    </ClInclude>
    <ClInclude Include="profiling.h">
      <Filter>Source Files</Filter>
    </ClInclude>
    <ClInclude Include="Constants.h">
      <Filter>Source Files</Filter>
    </ClInclude>
    <ClInclude Include="BehaviorRegistry.h">
      <Filter>Source Files\Engine</Filter>
    </ClInclude>
    <ClInclude Include="coloredQuadPL.h">
      <Filter>Source Files\vulkan\piplines</Filter>
    </ClInclude>
    <ClInclude Include="texturedQuadPL.h">
      <Filter>Source Files\vulkan\piplines</Filter>
    </ClInclude>
    <ClInclude Include="tilemapPL.h">
      <Filter>Source Files\vulkan\piplines</Filter>
    </ClInclude>
    <ClInclude Include="Vertex.h">
      <Filter>Source Files\vulkan\piplines</Filter>
    </ClInclude>
    <ClInclude Include="TileWorld.h">
      <Filter>Source Files\Engine</Filter>
    </ClInclude>
    <ClInclude Include="LightingComputePL.h">
      <Filter>Source Files\vulkan\piplines</Filter>
    </ClInclude>
    <ClInclude Include="quadComputePL.h">
      <Filter>Source Files\vulkan\piplines</Filter>
    </ClInclude>
    <ClInclude Include="Settings.h">
      <Filter>Source Files</Filter>
    </ClInclude>
    <ClInclude Include="FontGenerator.h">
      <Filter>Source Files\Editor</Filter>
    </ClInclude>
    <ClInclude Include="TextPL.h">
      <Filter>Source Files\vulkan\piplines</Filter>
    </ClInclude>
    <ClInclude Include="BinaryWriter.h">
      <Filter>Source Files\Engine</Filter>
    </ClInclude>
    <ClInclude Include="Sprite.h">
      <Filter>Source Files\Engine\ECS\Assets</Filter>
    </ClInclude>
    <ClInclude Include="Prefab.h">
      <Filter>Source Files\Engine\ECS\Assets</Filter>
    </ClInclude>
    <ClInclude Include="Font.h">
      <Filter>Source Files\Engine\ECS\Assets</Filter>
    </ClInclude>
    <ClInclude Include="ResourceManager.h">
      <Filter>Source Files\Engine</Filter>
    </ClInclude>
    <ClInclude Include="Scene.h">
      <Filter>Source Files\Engine\ECS\Assets</Filter>
    </ClInclude>
    <ClInclude Include="SpriteGenerator.h">
      <Filter>Source Files\Editor</Filter>
    </ClInclude>
    <ClInclude Include="PrefabGenerator.h">
      <Filter>Source Files\Editor</Filter>
    </ClInclude>
    <ClInclude Include="Audio.h">
      <Filter>Source Files</Filter>
    </ClInclude>
    <ClInclude Include="ComputeTemplate.h">
      <Filter>Source Files\vulkan\piplines</Filter>
    </ClInclude>
    <ClInclude Include="ConcurrentQueue.h">
      <Filter>Source Files</Filter>
    </ClInclude>
    <ClInclude Include="BindingManager.h">
      <Filter>Source Files</Filter>
    </ClInclude>
    <ClInclude Include="boidsCompute.h">
      <Filter>Source Files\vulkan\piplines</Filter>
    </ClInclude>
    <ClInclude Include="stdafx.h">
      <Filter>Source Files</Filter>
    </ClInclude>
    <ClInclude Include="descriptorManager.h">
      <Filter>Source Files\vulkan</Filter>
    </ClInclude>
    <ClInclude Include="GraphicsTemplate.h">
      <Filter>Source Files\vulkan\piplines</Filter>
    </ClInclude>
    <ClInclude Include="ParticleSystemPL.h">
      <Filter>Source Files\vulkan\piplines</Filter>
    </ClInclude>
    <ClInclude Include="pipelines.h">
      <Filter>Source Files\vulkan\piplines</Filter>
    </ClInclude>
  </ItemGroup>
  <ItemGroup>
    <Text Include="notes.txt" />
    <Text Include="todo.txt" />
    <Text Include="sceneSetup.txt" />
  </ItemGroup>
</Project>